
Microsoft Visual Studio Solution File, Format Version 12.00
# Visual Studio 14
VisualStudioVersion = 14.0.23107.0
MinimumVisualStudioVersion = 10.0.40219.1
Project("{8BC9CEB8-8B4A-11D0-8D11-00A0C91BC942}") = "Loops_1", "Loops_1\Loops_1.vcxproj", "{9576E3E7-B26D-4224-9493-F98EC32DFC13}"
EndProject
Project("{8BC9CEB8-8B4A-11D0-8D11-00A0C91BC942}") = "Loops_2", "Loops_2\Loops_2.vcxproj", "{86831AE1-5CB4-4B43-92DC-9E60E47DF0FD}"
EndProject
Project("{8BC9CEB8-8B4A-11D0-8D11-00A0C91BC942}") = "Loops_fizzBuzz", "Loops_fizzBuzz\Loops_fizzBuzz.vcxproj", "{465BA332-AD93-4090-B0A4-88A1FB490FB9}"
EndProject
Global
	GlobalSection(SolutionConfigurationPlatforms) = preSolution
		Debug|x64 = Debug|x64
		Debug|x86 = Debug|x86
		Release|x64 = Release|x64
		Release|x86 = Release|x86
	EndGlobalSection
	GlobalSection(ProjectConfigurationPlatforms) = postSolution
		{9576E3E7-B26D-4224-9493-F98EC32DFC13}.Debug|x64.ActiveCfg = Debug|x64
		{9576E3E7-B26D-4224-9493-F98EC32DFC13}.Debug|x64.Build.0 = Debug|x64
		{9576E3E7-B26D-4224-9493-F98EC32DFC13}.Debug|x86.ActiveCfg = Debug|Win32
		{9576E3E7-B26D-4224-9493-F98EC32DFC13}.Debug|x86.Build.0 = Debug|Win32
		{9576E3E7-B26D-4224-9493-F98EC32DFC13}.Release|x64.ActiveCfg = Release|x64
		{9576E3E7-B26D-4224-9493-F98EC32DFC13}.Release|x64.Build.0 = Release|x64
		{9576E3E7-B26D-4224-9493-F98EC32DFC13}.Release|x86.ActiveCfg = Release|Win32
		{9576E3E7-B26D-4224-9493-F98EC32DFC13}.Release|x86.Build.0 = Release|Win32
		{86831AE1-5CB4-4B43-92DC-9E60E47DF0FD}.Debug|x64.ActiveCfg = Debug|x64
		{86831AE1-5CB4-4B43-92DC-9E60E47DF0FD}.Debug|x64.Build.0 = Debug|x64
		{86831AE1-5CB4-4B43-92DC-9E60E47DF0FD}.Debug|x86.ActiveCfg = Debug|Win32
		{86831AE1-5CB4-4B43-92DC-9E60E47DF0FD}.Debug|x86.Build.0 = Debug|Win32
		{86831AE1-5CB4-4B43-92DC-9E60E47DF0FD}.Release|x64.ActiveCfg = Release|x64
		{86831AE1-5CB4-4B43-92DC-9E60E47DF0FD}.Release|x64.Build.0 = Release|x64
		{86831AE1-5CB4-4B43-92DC-9E60E47DF0FD}.Release|x86.ActiveCfg = Release|Win32
		{86831AE1-5CB4-4B43-92DC-9E60E47DF0FD}.Release|x86.Build.0 = Release|Win32
		{465BA332-AD93-4090-B0A4-88A1FB490FB9}.Debug|x64.ActiveCfg = Debug|x64
		{465BA332-AD93-4090-B0A4-88A1FB490FB9}.Debug|x64.Build.0 = Debug|x64
		{465BA332-AD93-4090-B0A4-88A1FB490FB9}.Debug|x86.ActiveCfg = Debug|Win32
		{465BA332-AD93-4090-B0A4-88A1FB490FB9}.Debug|x86.Build.0 = Debug|Win32
		{465BA332-AD93-4090-B0A4-88A1FB490FB9}.Release|x64.ActiveCfg = Release|x64
		{465BA332-AD93-4090-B0A4-88A1FB490FB9}.Release|x64.Build.0 = Release|x64
		{465BA332-AD93-4090-B0A4-88A1FB490FB9}.Release|x86.ActiveCfg = Release|Win32
		{465BA332-AD93-4090-B0A4-88A1FB490FB9}.Release|x86.Build.0 = Release|Win32
	EndGlobalSection
	GlobalSection(SolutionProperties) = preSolution
		HideSolutionNode = FALSE
	EndGlobalSection
EndGlobal
